
Microsoft Visual Studio Solution File, Format Version 12.00
# Visual Studio 15
VisualStudioVersion = 15.0.28010.2046
MinimumVisualStudioVersion = 10.0.40219.1
Project("{9A19103F-16F7-4668-BE54-9A1E7A4F7556}") = "DbModel", "DbModel\DbModel.csproj", "{03B9FB71-ED8D-42CD-9396-FD109DF258B9}"
EndProject
Project("{9A19103F-16F7-4668-BE54-9A1E7A4F7556}") = "ServerApp", "ServerApp\ServerApp.csproj", "{C7E8259E-5B5C-4CDD-B2EA-ADDC89DB9C0F}"
EndProject
Project("{FAE04EC0-301F-11D3-BF4B-00C04F79EFBC}") = "AdminClient", "AdminClient\AdminClient.csproj", "{870BCE81-9186-497D-B249-CBAC67890822}"
EndProject
Global
	GlobalSection(SolutionConfigurationPlatforms) = preSolution
		Debug|Any CPU = Debug|Any CPU
		Release|Any CPU = Release|Any CPU
	EndGlobalSection
	GlobalSection(ProjectConfigurationPlatforms) = postSolution
		{03B9FB71-ED8D-42CD-9396-FD109DF258B9}.Debug|Any CPU.ActiveCfg = Debug|Any CPU
		{03B9FB71-ED8D-42CD-9396-FD109DF258B9}.Debug|Any CPU.Build.0 = Debug|Any CPU
		{03B9FB71-ED8D-42CD-9396-FD109DF258B9}.Release|Any CPU.ActiveCfg = Release|Any CPU
		{03B9FB71-ED8D-42CD-9396-FD109DF258B9}.Release|Any CPU.Build.0 = Release|Any CPU
		{C7E8259E-5B5C-4CDD-B2EA-ADDC89DB9C0F}.Debug|Any CPU.ActiveCfg = Debug|Any CPU
		{C7E8259E-5B5C-4CDD-B2EA-ADDC89DB9C0F}.Debug|Any CPU.Build.0 = Debug|Any CPU
		{C7E8259E-5B5C-4CDD-B2EA-ADDC89DB9C0F}.Release|Any CPU.ActiveCfg = Release|Any CPU
		{C7E8259E-5B5C-4CDD-B2EA-ADDC89DB9C0F}.Release|Any CPU.Build.0 = Release|Any CPU
		{870BCE81-9186-497D-B249-CBAC67890822}.Debug|Any CPU.ActiveCfg = Debug|Any CPU
		{870BCE81-9186-497D-B249-CBAC67890822}.Debug|Any CPU.Build.0 = Debug|Any CPU
		{870BCE81-9186-497D-B249-CBAC67890822}.Release|Any CPU.ActiveCfg = Release|Any CPU
		{870BCE81-9186-497D-B249-CBAC67890822}.Release|Any CPU.Build.0 = Release|Any CPU
	EndGlobalSection
	GlobalSection(SolutionProperties) = preSolution
		HideSolutionNode = FALSE
	EndGlobalSection
	GlobalSection(ExtensibilityGlobals) = postSolution
		SolutionGuid = {5622C614-5DAA-40E6-BCDC-6759A37B352E}
	EndGlobalSection
EndGlobal
